
Microsoft Visual Studio Solution File, Format Version 12.00
# Visual Studio Version 16
VisualStudioVersion = 16.0.29503.13
MinimumVisualStudioVersion = 10.0.40219.1
Project("{8BC9CEB8-8B4A-11D0-8D11-00A0C91BC942}") = "class-roster", "class-roster\class-roster.vcxproj", "{0535C4BE-81ED-419B-BC50-D9B36B13C4B5}"
EndProject
Global
	GlobalSection(SolutionConfigurationPlatforms) = preSolution
		Debug|x64 = Debug|x64
		Debug|x86 = Debug|x86
		Release|x64 = Release|x64
		Release|x86 = Release|x86
	EndGlobalSection
	GlobalSection(ProjectConfigurationPlatforms) = postSolution
		{0535C4BE-81ED-419B-BC50-D9B36B13C4B5}.Debug|x64.ActiveCfg = Debug|x64
		{0535C4BE-81ED-419B-BC50-D9B36B13C4B5}.Debug|x64.Build.0 = Debug|x64
		{0535C4BE-81ED-419B-BC50-D9B36B13C4B5}.Debug|x86.ActiveCfg = Debug|Win32
		{0535C4BE-81ED-419B-BC50-D9B36B13C4B5}.Debug|x86.Build.0 = Debug|Win32
		{0535C4BE-81ED-419B-BC50-D9B36B13C4B5}.Release|x64.ActiveCfg = Release|x64
		{0535C4BE-81ED-419B-BC50-D9B36B13C4B5}.Release|x64.Build.0 = Release|x64
		{0535C4BE-81ED-419B-BC50-D9B36B13C4B5}.Release|x86.ActiveCfg = Release|Win32
		{0535C4BE-81ED-419B-BC50-D9B36B13C4B5}.Release|x86.Build.0 = Release|Win32
	EndGlobalSection
	GlobalSection(SolutionProperties) = preSolution
		HideSolutionNode = FALSE
	EndGlobalSection
	GlobalSection(ExtensibilityGlobals) = postSolution
		SolutionGuid = {E4E5DD85-EC71-4AB1-A1A6-6F5C46F44387}
	EndGlobalSection
EndGlobal
